
Microsoft Visual Studio Solution File, Format Version 12.00
# Visual Studio 15
VisualStudioVersion = 15.0.27703.2035
MinimumVisualStudioVersion = 10.0.40219.1
Project("{FAE04EC0-301F-11D3-BF4B-00C04F79EFBC}") = "SIIXPATM.Android", "SIIXPATM\SIIXPATM.Android\SIIXPATM.Android.csproj", "{A59431EF-78EE-41D4-923D-A6EF99589B9D}"
EndProject
Project("{FAE04EC0-301F-11D3-BF4B-00C04F79EFBC}") = "SIIXPATM.iOS", "SIIXPATM\SIIXPATM.iOS\SIIXPATM.iOS.csproj", "{EA5790AF-BA6D-47C1-B309-F0E02ADA3858}"
EndProject
Project("{FAE04EC0-301F-11D3-BF4B-00C04F79EFBC}") = "SIIXPATM", "SIIXPATM\SIIXPATM\SIIXPATM.csproj", "{C2B8B483-7446-4A77-A8AD-D6E036AC8117}"
EndProject
Global
	GlobalSection(SolutionConfigurationPlatforms) = preSolution
		Ad-Hoc|Any CPU = Ad-Hoc|Any CPU
		Ad-Hoc|iPhone = Ad-Hoc|iPhone
		Ad-Hoc|iPhoneSimulator = Ad-Hoc|iPhoneSimulator
		AppStore|Any CPU = AppStore|Any CPU
		AppStore|iPhone = AppStore|iPhone
		AppStore|iPhoneSimulator = AppStore|iPhoneSimulator
		Debug|Any CPU = Debug|Any CPU
		Debug|iPhone = Debug|iPhone
		Debug|iPhoneSimulator = Debug|iPhoneSimulator
		Release|Any CPU = Release|Any CPU
		Release|iPhone = Release|iPhone
		Release|iPhoneSimulator = Release|iPhoneSimulator
	EndGlobalSection
	GlobalSection(ProjectConfigurationPlatforms) = postSolution
		{A59431EF-78EE-41D4-923D-A6EF99589B9D}.Ad-Hoc|Any CPU.ActiveCfg = Release|Any CPU
		{A59431EF-78EE-41D4-923D-A6EF99589B9D}.Ad-Hoc|Any CPU.Build.0 = Release|Any CPU
		{A59431EF-78EE-41D4-923D-A6EF99589B9D}.Ad-Hoc|Any CPU.Deploy.0 = Release|Any CPU
		{A59431EF-78EE-41D4-923D-A6EF99589B9D}.Ad-Hoc|iPhone.ActiveCfg = Release|Any CPU
		{A59431EF-78EE-41D4-923D-A6EF99589B9D}.Ad-Hoc|iPhone.Build.0 = Release|Any CPU
		{A59431EF-78EE-41D4-923D-A6EF99589B9D}.Ad-Hoc|iPhone.Deploy.0 = Release|Any CPU
		{A59431EF-78EE-41D4-923D-A6EF99589B9D}.Ad-Hoc|iPhoneSimulator.ActiveCfg = Release|Any CPU
		{A59431EF-78EE-41D4-923D-A6EF99589B9D}.Ad-Hoc|iPhoneSimulator.Build.0 = Release|Any CPU
		{A59431EF-78EE-41D4-923D-A6EF99589B9D}.Ad-Hoc|iPhoneSimulator.Deploy.0 = Release|Any CPU
		{A59431EF-78EE-41D4-923D-A6EF99589B9D}.AppStore|Any CPU.ActiveCfg = Release|Any CPU
		{A59431EF-78EE-41D4-923D-A6EF99589B9D}.AppStore|Any CPU.Build.0 = Release|Any CPU
		{A59431EF-78EE-41D4-923D-A6EF99589B9D}.AppStore|Any CPU.Deploy.0 = Release|Any CPU
		{A59431EF-78EE-41D4-923D-A6EF99589B9D}.AppStore|iPhone.ActiveCfg = Release|Any CPU
		{A59431EF-78EE-41D4-923D-A6EF99589B9D}.AppStore|iPhone.Build.0 = Release|Any CPU
		{A59431EF-78EE-41D4-923D-A6EF99589B9D}.AppStore|iPhone.Deploy.0 = Release|Any CPU
		{A59431EF-78EE-41D4-923D-A6EF99589B9D}.AppStore|iPhoneSimulator.ActiveCfg = Release|Any CPU
		{A59431EF-78EE-41D4-923D-A6EF99589B9D}.AppStore|iPhoneSimulator.Build.0 = Release|Any CPU
		{A59431EF-78EE-41D4-923D-A6EF99589B9D}.AppStore|iPhoneSimulator.Deploy.0 = Release|Any CPU
		{A59431EF-78EE-41D4-923D-A6EF99589B9D}.Debug|Any CPU.ActiveCfg = Debug|Any CPU
		{A59431EF-78EE-41D4-923D-A6EF99589B9D}.Debug|Any CPU.Build.0 = Debug|Any CPU
		{A59431EF-78EE-41D4-923D-A6EF99589B9D}.Debug|Any CPU.Deploy.0 = Debug|Any CPU
		{A59431EF-78EE-41D4-923D-A6EF99589B9D}.Debug|iPhone.ActiveCfg = Debug|Any CPU
		{A59431EF-78EE-41D4-923D-A6EF99589B9D}.Debug|iPhone.Build.0 = Debug|Any CPU
		{A59431EF-78EE-41D4-923D-A6EF99589B9D}.Debug|iPhone.Deploy.0 = Debug|Any CPU
		{A59431EF-78EE-41D4-923D-A6EF99589B9D}.Debug|iPhoneSimulator.ActiveCfg = Debug|Any CPU
		{A59431EF-78EE-41D4-923D-A6EF99589B9D}.Debug|iPhoneSimulator.Build.0 = Debug|Any CPU
		{A59431EF-78EE-41D4-923D-A6EF99589B9D}.Debug|iPhoneSimulator.Deploy.0 = Debug|Any CPU
		{A59431EF-78EE-41D4-923D-A6EF99589B9D}.Release|Any CPU.ActiveCfg = Release|Any CPU
		{A59431EF-78EE-41D4-923D-A6EF99589B9D}.Release|Any CPU.Build.0 = Release|Any CPU
		{A59431EF-78EE-41D4-923D-A6EF99589B9D}.Release|Any CPU.Deploy.0 = Release|Any CPU
		{A59431EF-78EE-41D4-923D-A6EF99589B9D}.Release|iPhone.ActiveCfg = Release|Any CPU
		{A59431EF-78EE-41D4-923D-A6EF99589B9D}.Release|iPhone.Build.0 = Release|Any CPU
		{A59431EF-78EE-41D4-923D-A6EF99589B9D}.Release|iPhone.Deploy.0 = Release|Any CPU
		{A59431EF-78EE-41D4-923D-A6EF99589B9D}.Release|iPhoneSimulator.ActiveCfg = Release|Any CPU
		{A59431EF-78EE-41D4-923D-A6EF99589B9D}.Release|iPhoneSimulator.Build.0 = Release|Any CPU
		{A59431EF-78EE-41D4-923D-A6EF99589B9D}.Release|iPhoneSimulator.Deploy.0 = Release|Any CPU
		{EA5790AF-BA6D-47C1-B309-F0E02ADA3858}.Ad-Hoc|Any CPU.ActiveCfg = Ad-Hoc|iPhone
		{EA5790AF-BA6D-47C1-B309-F0E02ADA3858}.Ad-Hoc|Any CPU.Build.0 = Ad-Hoc|iPhone
		{EA5790AF-BA6D-47C1-B309-F0E02ADA3858}.Ad-Hoc|Any CPU.Deploy.0 = Ad-Hoc|iPhone
		{EA5790AF-BA6D-47C1-B309-F0E02ADA3858}.Ad-Hoc|iPhone.ActiveCfg = Ad-Hoc|iPhone
		{EA5790AF-BA6D-47C1-B309-F0E02ADA3858}.Ad-Hoc|iPhone.Build.0 = Ad-Hoc|iPhone
		{EA5790AF-BA6D-47C1-B309-F0E02ADA3858}.Ad-Hoc|iPhone.Deploy.0 = Ad-Hoc|iPhone
		{EA5790AF-BA6D-47C1-B309-F0E02ADA3858}.Ad-Hoc|iPhoneSimulator.ActiveCfg = Ad-Hoc|iPhoneSimulator
		{EA5790AF-BA6D-47C1-B309-F0E02ADA3858}.Ad-Hoc|iPhoneSimulator.Build.0 = Ad-Hoc|iPhoneSimulator
		{EA5790AF-BA6D-47C1-B309-F0E02ADA3858}.Ad-Hoc|iPhoneSimulator.Deploy.0 = Ad-Hoc|iPhoneSimulator
		{EA5790AF-BA6D-47C1-B309-F0E02ADA3858}.AppStore|Any CPU.ActiveCfg = AppStore|iPhone
		{EA5790AF-BA6D-47C1-B309-F0E02ADA3858}.AppStore|Any CPU.Build.0 = AppStore|iPhone
		{EA5790AF-BA6D-47C1-B309-F0E02ADA3858}.AppStore|Any CPU.Deploy.0 = AppStore|iPhone
		{EA5790AF-BA6D-47C1-B309-F0E02ADA3858}.AppStore|iPhone.ActiveCfg = AppStore|iPhone
		{EA5790AF-BA6D-47C1-B309-F0E02ADA3858}.AppStore|iPhone.Build.0 = AppStore|iPhone
		{EA5790AF-BA6D-47C1-B309-F0E02ADA3858}.AppStore|iPhone.Deploy.0 = AppStore|iPhone
		{EA5790AF-BA6D-47C1-B309-F0E02ADA3858}.AppStore|iPhoneSimulator.ActiveCfg = AppStore|iPhoneSimulator
		{EA5790AF-BA6D-47C1-B309-F0E02ADA3858}.AppStore|iPhoneSimulator.Build.0 = AppStore|iPhoneSimulator
		{EA5790AF-BA6D-47C1-B309-F0E02ADA3858}.AppStore|iPhoneSimulator.Deploy.0 = AppStore|iPhoneSimulator
		{EA5790AF-BA6D-47C1-B309-F0E02ADA3858}.Debug|Any CPU.ActiveCfg = Debug|iPhoneSimulator
		{EA5790AF-BA6D-47C1-B309-F0E02ADA3858}.Debug|Any CPU.Build.0 = Debug|iPhoneSimulator
		{EA5790AF-BA6D-47C1-B309-F0E02ADA3858}.Debug|Any CPU.Deploy.0 = Debug|iPhoneSimulator
		{EA5790AF-BA6D-47C1-B309-F0E02ADA3858}.Debug|iPhone.ActiveCfg = Debug|iPhone
		{EA5790AF-BA6D-47C1-B309-F0E02ADA3858}.Debug|iPhone.Build.0 = Debug|iPhone
		{EA5790AF-BA6D-47C1-B309-F0E02ADA3858}.Debug|iPhone.Deploy.0 = Debug|iPhone
		{EA5790AF-BA6D-47C1-B309-F0E02ADA3858}.Debug|iPhoneSimulator.ActiveCfg = Debug|iPhoneSimulator
		{EA5790AF-BA6D-47C1-B309-F0E02ADA3858}.Debug|iPhoneSimulator.Build.0 = Debug|iPhoneSimulator
		{EA5790AF-BA6D-47C1-B309-F0E02ADA3858}.Debug|iPhoneSimulator.Deploy.0 = Debug|iPhoneSimulator
		{EA5790AF-BA6D-47C1-B309-F0E02ADA3858}.Release|Any CPU.ActiveCfg = Release|iPhone
		{EA5790AF-BA6D-47C1-B309-F0E02ADA3858}.Release|Any CPU.Build.0 = Release|iPhone
		{EA5790AF-BA6D-47C1-B309-F0E02ADA3858}.Release|Any CPU.Deploy.0 = Release|iPhone
		{EA5790AF-BA6D-47C1-B309-F0E02ADA3858}.Release|iPhone.ActiveCfg = Release|iPhone
		{EA5790AF-BA6D-47C1-B309-F0E02ADA3858}.Release|iPhone.Build.0 = Release|iPhone
		{EA5790AF-BA6D-47C1-B309-F0E02ADA3858}.Release|iPhone.Deploy.0 = Release|iPhone
		{EA5790AF-BA6D-47C1-B309-F0E02ADA3858}.Release|iPhoneSimulator.ActiveCfg = Release|iPhoneSimulator
		{EA5790AF-BA6D-47C1-B309-F0E02ADA3858}.Release|iPhoneSimulator.Build.0 = Release|iPhoneSimulator
		{EA5790AF-BA6D-47C1-B309-F0E02ADA3858}.Release|iPhoneSimulator.Deploy.0 = Release|iPhoneSimulator
		{C2B8B483-7446-4A77-A8AD-D6E036AC8117}.Ad-Hoc|Any CPU.ActiveCfg = Debug|Any CPU
		{C2B8B483-7446-4A77-A8AD-D6E036AC8117}.Ad-Hoc|Any CPU.Build.0 = Debug|Any CPU
		{C2B8B483-7446-4A77-A8AD-D6E036AC8117}.Ad-Hoc|Any CPU.Deploy.0 = Debug|Any CPU
		{C2B8B483-7446-4A77-A8AD-D6E036AC8117}.Ad-Hoc|iPhone.ActiveCfg = Debug|Any CPU
		{C2B8B483-7446-4A77-A8AD-D6E036AC8117}.Ad-Hoc|iPhone.Build.0 = Debug|Any CPU
		{C2B8B483-7446-4A77-A8AD-D6E036AC8117}.Ad-Hoc|iPhone.Deploy.0 = Debug|Any CPU
		{C2B8B483-7446-4A77-A8AD-D6E036AC8117}.Ad-Hoc|iPhoneSimulator.ActiveCfg = Debug|Any CPU
		{C2B8B483-7446-4A77-A8AD-D6E036AC8117}.Ad-Hoc|iPhoneSimulator.Build.0 = Debug|Any CPU
		{C2B8B483-7446-4A77-A8AD-D6E036AC8117}.Ad-Hoc|iPhoneSimulator.Deploy.0 = Debug|Any CPU
		{C2B8B483-7446-4A77-A8AD-D6E036AC8117}.AppStore|Any CPU.ActiveCfg = Debug|Any CPU
		{C2B8B483-7446-4A77-A8AD-D6E036AC8117}.AppStore|Any CPU.Build.0 = Debug|Any CPU
		{C2B8B483-7446-4A77-A8AD-D6E036AC8117}.AppStore|Any CPU.Deploy.0 = Debug|Any CPU
		{C2B8B483-7446-4A77-A8AD-D6E036AC8117}.AppStore|iPhone.ActiveCfg = Debug|Any CPU
		{C2B8B483-7446-4A77-A8AD-D6E036AC8117}.AppStore|iPhone.Build.0 = Debug|Any CPU
		{C2B8B483-7446-4A77-A8AD-D6E036AC8117}.AppStore|iPhone.Deploy.0 = Debug|Any CPU
		{C2B8B483-7446-4A77-A8AD-D6E036AC8117}.AppStore|iPhoneSimulator.ActiveCfg = Debug|Any CPU
		{C2B8B483-7446-4A77-A8AD-D6E036AC8117}.AppStore|iPhoneSimulator.Build.0 = Debug|Any CPU
		{C2B8B483-7446-4A77-A8AD-D6E036AC8117}.AppStore|iPhoneSimulator.Deploy.0 = Debug|Any CPU
		{C2B8B483-7446-4A77-A8AD-D6E036AC8117}.Debug|Any CPU.ActiveCfg = Debug|Any CPU
		{C2B8B483-7446-4A77-A8AD-D6E036AC8117}.Debug|Any CPU.Build.0 = Debug|Any CPU
		{C2B8B483-7446-4A77-A8AD-D6E036AC8117}.Debug|Any CPU.Deploy.0 = Debug|Any CPU
		{C2B8B483-7446-4A77-A8AD-D6E036AC8117}.Debug|iPhone.ActiveCfg = Debug|Any CPU
		{C2B8B483-7446-4A77-A8AD-D6E036AC8117}.Debug|iPhone.Build.0 = Debug|Any CPU
		{C2B8B483-7446-4A77-A8AD-D6E036AC8117}.Debug|iPhone.Deploy.0 = Debug|Any CPU
		{C2B8B483-7446-4A77-A8AD-D6E036AC8117}.Debug|iPhoneSimulator.ActiveCfg = Debug|Any CPU
		{C2B8B483-7446-4A77-A8AD-D6E036AC8117}.Debug|iPhoneSimulator.Build.0 = Debug|Any CPU
		{C2B8B483-7446-4A77-A8AD-D6E036AC8117}.Debug|iPhoneSimulator.Deploy.0 = Debug|Any CPU
		{C2B8B483-7446-4A77-A8AD-D6E036AC8117}.Release|Any CPU.ActiveCfg = Release|Any CPU
		{C2B8B483-7446-4A77-A8AD-D6E036AC8117}.Release|Any CPU.Build.0 = Release|Any CPU
		{C2B8B483-7446-4A77-A8AD-D6E036AC8117}.Release|Any CPU.Deploy.0 = Release|Any CPU
		{C2B8B483-7446-4A77-A8AD-D6E036AC8117}.Release|iPhone.ActiveCfg = Release|Any CPU
		{C2B8B483-7446-4A77-A8AD-D6E036AC8117}.Release|iPhone.Build.0 = Release|Any CPU
		{C2B8B483-7446-4A77-A8AD-D6E036AC8117}.Release|iPhone.Deploy.0 = Release|Any CPU
		{C2B8B483-7446-4A77-A8AD-D6E036AC8117}.Release|iPhoneSimulator.ActiveCfg = Release|Any CPU
		{C2B8B483-7446-4A77-A8AD-D6E036AC8117}.Release|iPhoneSimulator.Build.0 = Release|Any CPU
		{C2B8B483-7446-4A77-A8AD-D6E036AC8117}.Release|iPhoneSimulator.Deploy.0 = Release|Any CPU
	EndGlobalSection
	GlobalSection(SolutionProperties) = preSolution
		HideSolutionNode = FALSE
	EndGlobalSection
	GlobalSection(ExtensibilityGlobals) = postSolution
		SolutionGuid = {69E8B032-ED7D-4B60-B0CE-08F33E48FDF0}
	EndGlobalSection
EndGlobal
